# THIS IS AN AUTOGENERATED FILE. DO NOT EDIT THIS FILE DIRECTLY.
# yarn lockfile v1


es-toolkit@^1.9.0:
  version "1.9.0"
  resolved "https://registry.yarnpkg.com/es-toolkit/-/es-toolkit-1.9.0.tgz#a704645dbf9b3089abd6dfd1537f04470a98f803"
  integrity sha512-oEoRaHWf69C58rZFOvhMJ1WJ7IpSkLhcBAzfH6fQfHBCqwC7hQMPknUBGc81D6IdvIrm4QMfuOUgpFVAjPCthA==

typescript@^5.5.3:
  version "5.5.3"
  resolved "https://registry.yarnpkg.com/typescript/-/typescript-5.5.3.tgz#e1b0a3c394190838a0b168e771b0ad56a0af0faa"
  integrity sha512-/hreyEujaB0w76zKo6717l3L0o/qEUtRgdvUBvlkhoWeOVMjMuHNHk0BRBzikzuGDqNmPQbg5ifMEqsHLiIUcQ==
